
Microsoft Visual Studio Solution File, Format Version 12.00
# Visual Studio Version 17
VisualStudioVersion = 17.10.35013.160
MinimumVisualStudioVersion = 10.0.40219.1
Project("{FAE04EC0-301F-11D3-BF4B-00C04F79EFBC}") = "Lecture3_webpi_jwt_authentication", "Lecture3_webpi_jwt_authentication.csproj", "{69F01DE9-7AF9-4A56-8C47-A0509649CEF3}"
EndProject
Global
	GlobalSection(SolutionConfigurationPlatforms) = preSolution
		Debug|Any CPU = Debug|Any CPU
		Release|Any CPU = Release|Any CPU
	EndGlobalSection
	GlobalSection(ProjectConfigurationPlatforms) = postSolution
		{69F01DE9-7AF9-4A56-8C47-A0509649CEF3}.Debug|Any CPU.ActiveCfg = Debug|Any CPU
		{69F01DE9-7AF9-4A56-8C47-A0509649CEF3}.Debug|Any CPU.Build.0 = Debug|Any CPU
		{69F01DE9-7AF9-4A56-8C47-A0509649CEF3}.Release|Any CPU.ActiveCfg = Release|Any CPU
		{69F01DE9-7AF9-4A56-8C47-A0509649CEF3}.Release|Any CPU.Build.0 = Release|Any CPU
	EndGlobalSection
	GlobalSection(SolutionProperties) = preSolution
		HideSolutionNode = FALSE
	EndGlobalSection
	GlobalSection(ExtensibilityGlobals) = postSolution
		SolutionGuid = {33245592-6BE6-422E-94D9-D438AC73CFD8}
	EndGlobalSection
EndGlobal
